{
  "name": "file-convert",
  "version": "1.0.0",
  "lockfileVersion": 1,
  "requires": true,
  "dependencies": {
    "genomics-formats": {
      "version": "github:VALIS-software/Genomics-Formats#1d3c5e117a296f678a8e165776dcfaa542e22512",
      "from": "github:VALIS-software/Genomics-Formats"
    }
  }
}
